
Microsoft Visual Studio Solution File, Format Version 12.00
# Visual Studio 14
VisualStudioVersion = 14.0.25420.1
MinimumVisualStudioVersion = 10.0.40219.1
Project("{FAE04EC0-301F-11D3-BF4B-00C04F79EFBC}") = "background_color_change", "background_color_change\background_color_change.csproj", "{C4B3E4C0-5EEC-4C3C-9D86-5B53F460590E}"
EndProject
Global
	GlobalSection(SolutionConfigurationPlatforms) = preSolution
		Debug|Any CPU = Debug|Any CPU
		Release|Any CPU = Release|Any CPU
	EndGlobalSection
	GlobalSection(ProjectConfigurationPlatforms) = postSolution
		{C4B3E4C0-5EEC-4C3C-9D86-5B53F460590E}.Debug|Any CPU.ActiveCfg = Debug|Any CPU
		{C4B3E4C0-5EEC-4C3C-9D86-5B53F460590E}.Debug|Any CPU.Build.0 = Debug|Any CPU
		{C4B3E4C0-5EEC-4C3C-9D86-5B53F460590E}.Release|Any CPU.ActiveCfg = Release|Any CPU
		{C4B3E4C0-5EEC-4C3C-9D86-5B53F460590E}.Release|Any CPU.Build.0 = Release|Any CPU
	EndGlobalSection
	GlobalSection(SolutionProperties) = preSolution
		HideSolutionNode = FALSE
	EndGlobalSection
EndGlobal
